
Microsoft Visual Studio Solution File, Format Version 12.00
Project("{FAE04EC0-301F-11D3-BF4B-00C04F79EFBC}") = "Wko.BabyTracker.Core", "src/Wko.BabyTracker.Core\Wko.BabyTracker.Core.csproj", "{15CCF753-D79F-4760-947D-020FE28862C0}"
EndProject
Project("{FAE04EC0-301F-11D3-BF4B-00C04F79EFBC}") = "Wko.BabyTracker", "src/Wko.BabyTracker\Wko.BabyTracker.csproj", "{AFB8A5DE-D291-46F8-89EE-BB52F2840539}"
EndProject
Global
	GlobalSection(SolutionConfigurationPlatforms) = preSolution
		Debug|Any CPU = Debug|Any CPU
		Release|Any CPU = Release|Any CPU
	EndGlobalSection
	GlobalSection(ProjectConfigurationPlatforms) = postSolution
		{15CCF753-D79F-4760-947D-020FE28862C0}.Debug|Any CPU.ActiveCfg = Debug|Any CPU
		{15CCF753-D79F-4760-947D-020FE28862C0}.Debug|Any CPU.Build.0 = Debug|Any CPU
		{15CCF753-D79F-4760-947D-020FE28862C0}.Release|Any CPU.ActiveCfg = Release|Any CPU
		{15CCF753-D79F-4760-947D-020FE28862C0}.Release|Any CPU.Build.0 = Release|Any CPU
		{AFB8A5DE-D291-46F8-89EE-BB52F2840539}.Debug|Any CPU.ActiveCfg = Debug|Any CPU
		{AFB8A5DE-D291-46F8-89EE-BB52F2840539}.Debug|Any CPU.Build.0 = Debug|Any CPU
		{AFB8A5DE-D291-46F8-89EE-BB52F2840539}.Release|Any CPU.ActiveCfg = Release|Any CPU
		{AFB8A5DE-D291-46F8-89EE-BB52F2840539}.Release|Any CPU.Build.0 = Release|Any CPU
	EndGlobalSection
EndGlobal
